
Microsoft Visual Studio Solution File, Format Version 12.00
# Visual Studio 15
Project("{FAE04EC0-301F-11D3-BF4B-00C04F79EFBC}") = "UnityEngine.TestRunner", "UnityEngine.TestRunner.csproj", "{2741F3BC-5B57-1871-8146-D8D7C7C5E6D2}"
EndProject
Project("{FAE04EC0-301F-11D3-BF4B-00C04F79EFBC}") = "UnityEngine.UI", "UnityEngine.UI.csproj", "{36E5D882-AC2A-BD90-5207-23B63C462A6B}"
EndProject
Project("{FAE04EC0-301F-11D3-BF4B-00C04F79EFBC}") = "Unity.Mathematics", "Unity.Mathematics.csproj", "{ECAC03F9-4449-625B-9956-249308DFBD76}"
EndProject
Project("{FAE04EC0-301F-11D3-BF4B-00C04F79EFBC}") = "Unity.VisualScripting.State", "Unity.VisualScripting.State.csproj", "{18F7DD0B-E5E3-05F3-D7DC-D3D9A8BF4487}"
EndProject
Project("{FAE04EC0-301F-11D3-BF4B-00C04F79EFBC}") = "Unity.VisualScripting.Core", "Unity.VisualScripting.Core.csproj", "{1120E760-4B61-8741-AF1F-BA0119F1597B}"
EndProject
Project("{FAE04EC0-301F-11D3-BF4B-00C04F79EFBC}") = "Unity.VisualScripting.Flow", "Unity.VisualScripting.Flow.csproj", "{9F64AAB2-9F49-E192-C356-A70E36E9628E}"
EndProject
Project("{FAE04EC0-301F-11D3-BF4B-00C04F79EFBC}") = "Unity.2D.Animation.Runtime", "Unity.2D.Animation.Runtime.csproj", "{8A4E3AB2-2F77-127E-1EB8-719FD815DCBE}"
EndProject
Project("{FAE04EC0-301F-11D3-BF4B-00C04F79EFBC}") = "Unity.TextMeshPro", "Unity.TextMeshPro.csproj", "{598EF965-9B0E-B69D-FF30-96D9C2617450}"
EndProject
Project("{FAE04EC0-301F-11D3-BF4B-00C04F79EFBC}") = "Unity.Timeline", "Unity.Timeline.csproj", "{8003DB22-8A86-3688-D138-044247CEC821}"
EndProject
Project("{FAE04EC0-301F-11D3-BF4B-00C04F79EFBC}") = "Unity.2D.SpriteShape.Runtime", "Unity.2D.SpriteShape.Runtime.csproj", "{F7FEB329-B6E7-E3A7-1E7E-8E713E80BE08}"
EndProject
Project("{FAE04EC0-301F-11D3-BF4B-00C04F79EFBC}") = "Unity.2D.Animation.Triangle.Runtime", "Unity.2D.Animation.Triangle.Runtime.csproj", "{1D4F03DA-B1BB-4D90-6125-BDAAC7753591}"
EndProject
Project("{FAE04EC0-301F-11D3-BF4B-00C04F79EFBC}") = "Unity.2D.PixelPerfect", "Unity.2D.PixelPerfect.csproj", "{6A9E1540-ED06-B504-7A92-9BE1BB753112}"
EndProject
Project("{FAE04EC0-301F-11D3-BF4B-00C04F79EFBC}") = "Unity.2D.IK.Runtime", "Unity.2D.IK.Runtime.csproj", "{2B4067FF-0D12-B65F-2EBB-9139457E7475}"
EndProject
Project("{FAE04EC0-301F-11D3-BF4B-00C04F79EFBC}") = "Assembly-CSharp", "Assembly-CSharp.csproj", "{A7B99944-968F-C952-8C75-A465E2DD977F}"
EndProject
Project("{FAE04EC0-301F-11D3-BF4B-00C04F79EFBC}") = "Unity.2D.Tilemap.Extras", "Unity.2D.Tilemap.Extras.csproj", "{845210FE-7E4F-5205-1EF4-7983083E0B9B}"
EndProject
Project("{FAE04EC0-301F-11D3-BF4B-00C04F79EFBC}") = "Unity.2D.Common.Runtime", "Unity.2D.Common.Runtime.csproj", "{7B27601A-53F4-1D73-34C8-11C1379726CC}"
EndProject
Project("{FAE04EC0-301F-11D3-BF4B-00C04F79EFBC}") = "Unity.InternalAPIEngineBridge.001", "Unity.InternalAPIEngineBridge.001.csproj", "{8ACAA762-4A0A-7C74-2DD0-98505D53670F}"
EndProject
Project("{FAE04EC0-301F-11D3-BF4B-00C04F79EFBC}") = "Unity.PlasticSCM.Editor", "Unity.PlasticSCM.Editor.csproj", "{05AE1148-7D38-74BC-1BB0-703202B13AE3}"
EndProject
Project("{FAE04EC0-301F-11D3-BF4B-00C04F79EFBC}") = "Unity.VisualScripting.Core.Editor", "Unity.VisualScripting.Core.Editor.csproj", "{AA3C24D1-D12F-B590-333B-17216B00AC8E}"
EndProject
Project("{FAE04EC0-301F-11D3-BF4B-00C04F79EFBC}") = "Unity.VisualStudio.Editor", "Unity.VisualStudio.Editor.csproj", "{FBAA35E8-5034-936A-9A2B-05F4D94BE5AA}"
EndProject
Project("{FAE04EC0-301F-11D3-BF4B-00C04F79EFBC}") = "Unity.Timeline.Editor", "Unity.Timeline.Editor.csproj", "{1EEA0913-993B-1CE9-7B40-6CC2D269BF5B}"
EndProject
Project("{FAE04EC0-301F-11D3-BF4B-00C04F79EFBC}") = "Unity.VisualScripting.State.Editor", "Unity.VisualScripting.State.Editor.csproj", "{7AD37439-81D3-3EB4-4DA9-9160F26DF3B3}"
EndProject
Project("{FAE04EC0-301F-11D3-BF4B-00C04F79EFBC}") = "Unity.TextMeshPro.Editor", "Unity.TextMeshPro.Editor.csproj", "{EE01AD77-1A86-8B7B-104E-8F8350C99FCF}"
EndProject
Project("{FAE04EC0-301F-11D3-BF4B-00C04F79EFBC}") = "Unity.2D.Animation.Editor", "Unity.2D.Animation.Editor.csproj", "{814A28DE-43C0-D37D-8F96-1BDE2725DE7C}"
EndProject
Project("{FAE04EC0-301F-11D3-BF4B-00C04F79EFBC}") = "VSSettingsProvider", "VSSettingsProvider.csproj", "{F7DD860A-3DF6-0035-D629-AB63309F1291}"
EndProject
Project("{FAE04EC0-301F-11D3-BF4B-00C04F79EFBC}") = "Unity.CollabProxy.Editor", "Unity.CollabProxy.Editor.csproj", "{C8F03F2A-B8E9-B837-659B-786EE67C36F0}"
EndProject
Project("{FAE04EC0-301F-11D3-BF4B-00C04F79EFBC}") = "UnityEditor.TestRunner", "UnityEditor.TestRunner.csproj", "{2F120F86-40DF-76BA-0F93-926BEE990493}"
EndProject
Project("{FAE04EC0-301F-11D3-BF4B-00C04F79EFBC}") = "Unity.VisualScripting.Flow.Editor", "Unity.VisualScripting.Flow.Editor.csproj", "{10F80300-86A8-5810-7C4C-3DD9C4A1F49D}"
EndProject
Project("{FAE04EC0-301F-11D3-BF4B-00C04F79EFBC}") = "Unity.Rider.Editor", "Unity.Rider.Editor.csproj", "{2ED7681E-4C60-1393-DF0E-EFBAD19A02C0}"
EndProject
Project("{FAE04EC0-301F-11D3-BF4B-00C04F79EFBC}") = "Unity.2D.Path.Editor", "Unity.2D.Path.Editor.csproj", "{48A87116-FB4A-D1B3-6A45-AC3BF3C149DA}"
EndProject
Project("{FAE04EC0-301F-11D3-BF4B-00C04F79EFBC}") = "PsdPlugin", "PsdPlugin.csproj", "{29217D97-AF1B-F584-9367-52457D3EAB2D}"
EndProject
Project("{FAE04EC0-301F-11D3-BF4B-00C04F79EFBC}") = "Unity.2D.IK.Editor", "Unity.2D.IK.Editor.csproj", "{1BC7BC48-825D-9E38-16C6-A652D1B1BD06}"
EndProject
Project("{FAE04EC0-301F-11D3-BF4B-00C04F79EFBC}") = "Unity.2D.Psdimporter.Editor", "Unity.2D.Psdimporter.Editor.csproj", "{82F19676-DD77-4179-9A48-5A1D11B9E391}"
EndProject
Project("{FAE04EC0-301F-11D3-BF4B-00C04F79EFBC}") = "Unity.2D.SpriteShape.Editor", "Unity.2D.SpriteShape.Editor.csproj", "{02753454-5938-D776-3568-E635AFEE91D4}"
EndProject
Project("{FAE04EC0-301F-11D3-BF4B-00C04F79EFBC}") = "Unity.2D.Tilemap.Editor", "Unity.2D.Tilemap.Editor.csproj", "{C66110BA-F34D-B929-4FD4-E7C5BF9AA66F}"
EndProject
Project("{FAE04EC0-301F-11D3-BF4B-00C04F79EFBC}") = "Unity.2D.PixelPerfect.Editor", "Unity.2D.PixelPerfect.Editor.csproj", "{AA6F0C92-47DF-6ACF-4D1D-606572E58F33}"
EndProject
Project("{FAE04EC0-301F-11D3-BF4B-00C04F79EFBC}") = "Unity.VSCode.Editor", "Unity.VSCode.Editor.csproj", "{97C04622-0303-719D-0595-15FEB00A9A85}"
EndProject
Project("{FAE04EC0-301F-11D3-BF4B-00C04F79EFBC}") = "Unity.2D.Sprite.Editor", "Unity.2D.Sprite.Editor.csproj", "{4B6165A2-98FA-4867-2D84-493A744F93B4}"
EndProject
Project("{FAE04EC0-301F-11D3-BF4B-00C04F79EFBC}") = "UnityEditor.UI", "UnityEditor.UI.csproj", "{FF5CB190-65D6-221C-6F5D-369C3A1E8A5D}"
EndProject
Project("{FAE04EC0-301F-11D3-BF4B-00C04F79EFBC}") = "Unity.Mathematics.Editor", "Unity.Mathematics.Editor.csproj", "{43A0C0AB-CC91-3A1E-1136-4D817DBF988E}"
EndProject
Project("{FAE04EC0-301F-11D3-BF4B-00C04F79EFBC}") = "Unity.2D.Common.Editor", "Unity.2D.Common.Editor.csproj", "{93F69DB9-8EC4-FE2D-D3FD-36FF052464CC}"
EndProject
Project("{FAE04EC0-301F-11D3-BF4B-00C04F79EFBC}") = "Unity.2D.Tilemap.Extras.Editor", "Unity.2D.Tilemap.Extras.Editor.csproj", "{DB18340C-D009-E1D3-988D-55957734C7CB}"
EndProject
Project("{FAE04EC0-301F-11D3-BF4B-00C04F79EFBC}") = "Unity.InternalAPIEditorBridge.001", "Unity.InternalAPIEditorBridge.001.csproj", "{55201017-3CE0-261C-A3E6-5AFCC6E76828}"
EndProject
Project("{FAE04EC0-301F-11D3-BF4B-00C04F79EFBC}") = "UnityEngine.TestRunner", "UnityEngine.TestRunner.Player.csproj", "{829F7CC5-D9C5-9D6C-D48E-2CE858AEE431}"
EndProject
Project("{FAE04EC0-301F-11D3-BF4B-00C04F79EFBC}") = "UnityEngine.UI", "UnityEngine.UI.Player.csproj", "{C80D7EBA-ED79-9A5B-608C-1DB45D308A2D}"
EndProject
Project("{FAE04EC0-301F-11D3-BF4B-00C04F79EFBC}") = "Unity.Mathematics", "Unity.Mathematics.Player.csproj", "{813A588C-2DB9-274F-66AA-E90857E18824}"
EndProject
Project("{FAE04EC0-301F-11D3-BF4B-00C04F79EFBC}") = "Unity.VisualScripting.State", "Unity.VisualScripting.State.Player.csproj", "{8F9D873A-60DC-FE7D-F8A0-91F839CFC4E0}"
EndProject
Project("{FAE04EC0-301F-11D3-BF4B-00C04F79EFBC}") = "Unity.VisualScripting.Core", "Unity.VisualScripting.Core.Player.csproj", "{B1CBC2DD-B6AB-398C-C0F0-268F374469E8}"
EndProject
Project("{FAE04EC0-301F-11D3-BF4B-00C04F79EFBC}") = "Unity.VisualScripting.Flow", "Unity.VisualScripting.Flow.Player.csproj", "{1AECD3C5-C82C-CCB4-0BF8-0E158A4EEC91}"
EndProject
Project("{FAE04EC0-301F-11D3-BF4B-00C04F79EFBC}") = "Unity.2D.Animation.Runtime", "Unity.2D.Animation.Runtime.Player.csproj", "{5DB90C34-41FE-D220-CDB4-4C16051EF944}"
EndProject
Project("{FAE04EC0-301F-11D3-BF4B-00C04F79EFBC}") = "Unity.TextMeshPro", "Unity.TextMeshPro.Player.csproj", "{FB168DDB-5780-F2D8-B2A9-D3953AC19EE0}"
EndProject
Project("{FAE04EC0-301F-11D3-BF4B-00C04F79EFBC}") = "Unity.Timeline", "Unity.Timeline.Player.csproj", "{CBFC4064-5513-E7E3-E95A-8E3D9A48A76E}"
EndProject
Project("{FAE04EC0-301F-11D3-BF4B-00C04F79EFBC}") = "Unity.2D.SpriteShape.Runtime", "Unity.2D.SpriteShape.Runtime.Player.csproj", "{E2BBC62F-5EE3-6A9C-02AD-810645D89630}"
EndProject
Project("{FAE04EC0-301F-11D3-BF4B-00C04F79EFBC}") = "Unity.2D.Animation.Triangle.Runtime", "Unity.2D.Animation.Triangle.Runtime.Player.csproj", "{B43C6E6C-CEB7-5258-9B0D-5672D70C1533}"
EndProject
Project("{FAE04EC0-301F-11D3-BF4B-00C04F79EFBC}") = "Unity.2D.PixelPerfect", "Unity.2D.PixelPerfect.Player.csproj", "{59990B72-581B-540C-655E-960E1A2B2219}"
EndProject
Project("{FAE04EC0-301F-11D3-BF4B-00C04F79EFBC}") = "Unity.2D.IK.Runtime", "Unity.2D.IK.Runtime.Player.csproj", "{507B188A-75C9-3323-5D66-D0C5FB2F171C}"
EndProject
Project("{FAE04EC0-301F-11D3-BF4B-00C04F79EFBC}") = "Assembly-CSharp", "Assembly-CSharp.Player.csproj", "{1A3E2CA9-3C5D-FAB3-20F0-8524A16897F1}"
EndProject
Project("{FAE04EC0-301F-11D3-BF4B-00C04F79EFBC}") = "Unity.2D.Tilemap.Extras", "Unity.2D.Tilemap.Extras.Player.csproj", "{4BBA3648-924A-75BF-69BA-F13B2E01081D}"
EndProject
Project("{FAE04EC0-301F-11D3-BF4B-00C04F79EFBC}") = "Unity.2D.Common.Runtime", "Unity.2D.Common.Runtime.Player.csproj", "{D9ED2991-1944-19DE-E062-93D6F29B3316}"
EndProject
Project("{FAE04EC0-301F-11D3-BF4B-00C04F79EFBC}") = "Unity.InternalAPIEngineBridge.001", "Unity.InternalAPIEngineBridge.001.Player.csproj", "{55AF0A88-5B92-7824-7D3B-DDC3F7A4EE10}"
EndProject
Global
	GlobalSection(SolutionConfigurationPlatforms) = preSolution
		Debug|Any CPU = Debug|Any CPU
		Release|Any CPU = Release|Any CPU
	EndGlobalSection
	GlobalSection(ProjectConfigurationPlatforms) = postSolution
		{2741F3BC-5B57-1871-8146-D8D7C7C5E6D2}.Debug|Any CPU.ActiveCfg = Debug|Any CPU
		{2741F3BC-5B57-1871-8146-D8D7C7C5E6D2}.Debug|Any CPU.Build.0 = Debug|Any CPU
		{2741F3BC-5B57-1871-8146-D8D7C7C5E6D2}.Release|Any CPU.ActiveCfg = Release|Any CPU
		{2741F3BC-5B57-1871-8146-D8D7C7C5E6D2}.Release|Any CPU.Build.0 = Release|Any CPU
		{36E5D882-AC2A-BD90-5207-23B63C462A6B}.Debug|Any CPU.ActiveCfg = Debug|Any CPU
		{36E5D882-AC2A-BD90-5207-23B63C462A6B}.Debug|Any CPU.Build.0 = Debug|Any CPU
		{36E5D882-AC2A-BD90-5207-23B63C462A6B}.Release|Any CPU.ActiveCfg = Release|Any CPU
		{36E5D882-AC2A-BD90-5207-23B63C462A6B}.Release|Any CPU.Build.0 = Release|Any CPU
		{ECAC03F9-4449-625B-9956-249308DFBD76}.Debug|Any CPU.ActiveCfg = Debug|Any CPU
		{ECAC03F9-4449-625B-9956-249308DFBD76}.Debug|Any CPU.Build.0 = Debug|Any CPU
		{ECAC03F9-4449-625B-9956-249308DFBD76}.Release|Any CPU.ActiveCfg = Release|Any CPU
		{ECAC03F9-4449-625B-9956-249308DFBD76}.Release|Any CPU.Build.0 = Release|Any CPU
		{18F7DD0B-E5E3-05F3-D7DC-D3D9A8BF4487}.Debug|Any CPU.ActiveCfg = Debug|Any CPU
		{18F7DD0B-E5E3-05F3-D7DC-D3D9A8BF4487}.Debug|Any CPU.Build.0 = Debug|Any CPU
		{18F7DD0B-E5E3-05F3-D7DC-D3D9A8BF4487}.Release|Any CPU.ActiveCfg = Release|Any CPU
		{18F7DD0B-E5E3-05F3-D7DC-D3D9A8BF4487}.Release|Any CPU.Build.0 = Release|Any CPU
		{1120E760-4B61-8741-AF1F-BA0119F1597B}.Debug|Any CPU.ActiveCfg = Debug|Any CPU
		{1120E760-4B61-8741-AF1F-BA0119F1597B}.Debug|Any CPU.Build.0 = Debug|Any CPU
		{1120E760-4B61-8741-AF1F-BA0119F1597B}.Release|Any CPU.ActiveCfg = Release|Any CPU
		{1120E760-4B61-8741-AF1F-BA0119F1597B}.Release|Any CPU.Build.0 = Release|Any CPU
		{9F64AAB2-9F49-E192-C356-A70E36E9628E}.Debug|Any CPU.ActiveCfg = Debug|Any CPU
		{9F64AAB2-9F49-E192-C356-A70E36E9628E}.Debug|Any CPU.Build.0 = Debug|Any CPU
		{9F64AAB2-9F49-E192-C356-A70E36E9628E}.Release|Any CPU.ActiveCfg = Release|Any CPU
		{9F64AAB2-9F49-E192-C356-A70E36E9628E}.Release|Any CPU.Build.0 = Release|Any CPU
		{8A4E3AB2-2F77-127E-1EB8-719FD815DCBE}.Debug|Any CPU.ActiveCfg = Debug|Any CPU
		{8A4E3AB2-2F77-127E-1EB8-719FD815DCBE}.Debug|Any CPU.Build.0 = Debug|Any CPU
		{8A4E3AB2-2F77-127E-1EB8-719FD815DCBE}.Release|Any CPU.ActiveCfg = Release|Any CPU
		{8A4E3AB2-2F77-127E-1EB8-719FD815DCBE}.Release|Any CPU.Build.0 = Release|Any CPU
		{598EF965-9B0E-B69D-FF30-96D9C2617450}.Debug|Any CPU.ActiveCfg = Debug|Any CPU
		{598EF965-9B0E-B69D-FF30-96D9C2617450}.Debug|Any CPU.Build.0 = Debug|Any CPU
		{598EF965-9B0E-B69D-FF30-96D9C2617450}.Release|Any CPU.ActiveCfg = Release|Any CPU
		{598EF965-9B0E-B69D-FF30-96D9C2617450}.Release|Any CPU.Build.0 = Release|Any CPU
		{8003DB22-8A86-3688-D138-044247CEC821}.Debug|Any CPU.ActiveCfg = Debug|Any CPU
		{8003DB22-8A86-3688-D138-044247CEC821}.Debug|Any CPU.Build.0 = Debug|Any CPU
		{8003DB22-8A86-3688-D138-044247CEC821}.Release|Any CPU.ActiveCfg = Release|Any CPU
		{8003DB22-8A86-3688-D138-044247CEC821}.Release|Any CPU.Build.0 = Release|Any CPU
		{F7FEB329-B6E7-E3A7-1E7E-8E713E80BE08}.Debug|Any CPU.ActiveCfg = Debug|Any CPU
		{F7FEB329-B6E7-E3A7-1E7E-8E713E80BE08}.Debug|Any CPU.Build.0 = Debug|Any CPU
		{F7FEB329-B6E7-E3A7-1E7E-8E713E80BE08}.Release|Any CPU.ActiveCfg = Release|Any CPU
		{F7FEB329-B6E7-E3A7-1E7E-8E713E80BE08}.Release|Any CPU.Build.0 = Release|Any CPU
		{1D4F03DA-B1BB-4D90-6125-BDAAC7753591}.Debug|Any CPU.ActiveCfg = Debug|Any CPU
		{1D4F03DA-B1BB-4D90-6125-BDAAC7753591}.Debug|Any CPU.Build.0 = Debug|Any CPU
		{1D4F03DA-B1BB-4D90-6125-BDAAC7753591}.Release|Any CPU.ActiveCfg = Release|Any CPU
		{1D4F03DA-B1BB-4D90-6125-BDAAC7753591}.Release|Any CPU.Build.0 = Release|Any CPU
		{6A9E1540-ED06-B504-7A92-9BE1BB753112}.Debug|Any CPU.ActiveCfg = Debug|Any CPU
		{6A9E1540-ED06-B504-7A92-9BE1BB753112}.Debug|Any CPU.Build.0 = Debug|Any CPU
		{6A9E1540-ED06-B504-7A92-9BE1BB753112}.Release|Any CPU.ActiveCfg = Release|Any CPU
		{6A9E1540-ED06-B504-7A92-9BE1BB753112}.Release|Any CPU.Build.0 = Release|Any CPU
		{2B4067FF-0D12-B65F-2EBB-9139457E7475}.Debug|Any CPU.ActiveCfg = Debug|Any CPU
		{2B4067FF-0D12-B65F-2EBB-9139457E7475}.Debug|Any CPU.Build.0 = Debug|Any CPU
		{2B4067FF-0D12-B65F-2EBB-9139457E7475}.Release|Any CPU.ActiveCfg = Release|Any CPU
		{2B4067FF-0D12-B65F-2EBB-9139457E7475}.Release|Any CPU.Build.0 = Release|Any CPU
		{A7B99944-968F-C952-8C75-A465E2DD977F}.Debug|Any CPU.ActiveCfg = Debug|Any CPU
		{A7B99944-968F-C952-8C75-A465E2DD977F}.Debug|Any CPU.Build.0 = Debug|Any CPU
		{A7B99944-968F-C952-8C75-A465E2DD977F}.Release|Any CPU.ActiveCfg = Release|Any CPU
		{A7B99944-968F-C952-8C75-A465E2DD977F}.Release|Any CPU.Build.0 = Release|Any CPU
		{845210FE-7E4F-5205-1EF4-7983083E0B9B}.Debug|Any CPU.ActiveCfg = Debug|Any CPU
		{845210FE-7E4F-5205-1EF4-7983083E0B9B}.Debug|Any CPU.Build.0 = Debug|Any CPU
		{845210FE-7E4F-5205-1EF4-7983083E0B9B}.Release|Any CPU.ActiveCfg = Release|Any CPU
		{845210FE-7E4F-5205-1EF4-7983083E0B9B}.Release|Any CPU.Build.0 = Release|Any CPU
		{7B27601A-53F4-1D73-34C8-11C1379726CC}.Debug|Any CPU.ActiveCfg = Debug|Any CPU
		{7B27601A-53F4-1D73-34C8-11C1379726CC}.Debug|Any CPU.Build.0 = Debug|Any CPU
		{7B27601A-53F4-1D73-34C8-11C1379726CC}.Release|Any CPU.ActiveCfg = Release|Any CPU
		{7B27601A-53F4-1D73-34C8-11C1379726CC}.Release|Any CPU.Build.0 = Release|Any CPU
		{8ACAA762-4A0A-7C74-2DD0-98505D53670F}.Debug|Any CPU.ActiveCfg = Debug|Any CPU
		{8ACAA762-4A0A-7C74-2DD0-98505D53670F}.Debug|Any CPU.Build.0 = Debug|Any CPU
		{8ACAA762-4A0A-7C74-2DD0-98505D53670F}.Release|Any CPU.ActiveCfg = Release|Any CPU
		{8ACAA762-4A0A-7C74-2DD0-98505D53670F}.Release|Any CPU.Build.0 = Release|Any CPU
		{05AE1148-7D38-74BC-1BB0-703202B13AE3}.Debug|Any CPU.ActiveCfg = Debug|Any CPU
		{05AE1148-7D38-74BC-1BB0-703202B13AE3}.Debug|Any CPU.Build.0 = Debug|Any CPU
		{05AE1148-7D38-74BC-1BB0-703202B13AE3}.Release|Any CPU.ActiveCfg = Release|Any CPU
		{05AE1148-7D38-74BC-1BB0-703202B13AE3}.Release|Any CPU.Build.0 = Release|Any CPU
		{AA3C24D1-D12F-B590-333B-17216B00AC8E}.Debug|Any CPU.ActiveCfg = Debug|Any CPU
		{AA3C24D1-D12F-B590-333B-17216B00AC8E}.Debug|Any CPU.Build.0 = Debug|Any CPU
		{AA3C24D1-D12F-B590-333B-17216B00AC8E}.Release|Any CPU.ActiveCfg = Release|Any CPU
		{AA3C24D1-D12F-B590-333B-17216B00AC8E}.Release|Any CPU.Build.0 = Release|Any CPU
		{FBAA35E8-5034-936A-9A2B-05F4D94BE5AA}.Debug|Any CPU.ActiveCfg = Debug|Any CPU
		{FBAA35E8-5034-936A-9A2B-05F4D94BE5AA}.Debug|Any CPU.Build.0 = Debug|Any CPU
		{FBAA35E8-5034-936A-9A2B-05F4D94BE5AA}.Release|Any CPU.ActiveCfg = Release|Any CPU
		{FBAA35E8-5034-936A-9A2B-05F4D94BE5AA}.Release|Any CPU.Build.0 = Release|Any CPU
		{1EEA0913-993B-1CE9-7B40-6CC2D269BF5B}.Debug|Any CPU.ActiveCfg = Debug|Any CPU
		{1EEA0913-993B-1CE9-7B40-6CC2D269BF5B}.Debug|Any CPU.Build.0 = Debug|Any CPU
		{1EEA0913-993B-1CE9-7B40-6CC2D269BF5B}.Release|Any CPU.ActiveCfg = Release|Any CPU
		{1EEA0913-993B-1CE9-7B40-6CC2D269BF5B}.Release|Any CPU.Build.0 = Release|Any CPU
		{7AD37439-81D3-3EB4-4DA9-9160F26DF3B3}.Debug|Any CPU.ActiveCfg = Debug|Any CPU
		{7AD37439-81D3-3EB4-4DA9-9160F26DF3B3}.Debug|Any CPU.Build.0 = Debug|Any CPU
		{7AD37439-81D3-3EB4-4DA9-9160F26DF3B3}.Release|Any CPU.ActiveCfg = Release|Any CPU
		{7AD37439-81D3-3EB4-4DA9-9160F26DF3B3}.Release|Any CPU.Build.0 = Release|Any CPU
		{EE01AD77-1A86-8B7B-104E-8F8350C99FCF}.Debug|Any CPU.ActiveCfg = Debug|Any CPU
		{EE01AD77-1A86-8B7B-104E-8F8350C99FCF}.Debug|Any CPU.Build.0 = Debug|Any CPU
		{EE01AD77-1A86-8B7B-104E-8F8350C99FCF}.Release|Any CPU.ActiveCfg = Release|Any CPU
		{EE01AD77-1A86-8B7B-104E-8F8350C99FCF}.Release|Any CPU.Build.0 = Release|Any CPU
		{814A28DE-43C0-D37D-8F96-1BDE2725DE7C}.Debug|Any CPU.ActiveCfg = Debug|Any CPU
		{814A28DE-43C0-D37D-8F96-1BDE2725DE7C}.Debug|Any CPU.Build.0 = Debug|Any CPU
		{814A28DE-43C0-D37D-8F96-1BDE2725DE7C}.Release|Any CPU.ActiveCfg = Release|Any CPU
		{814A28DE-43C0-D37D-8F96-1BDE2725DE7C}.Release|Any CPU.Build.0 = Release|Any CPU
		{F7DD860A-3DF6-0035-D629-AB63309F1291}.Debug|Any CPU.ActiveCfg = Debug|Any CPU
		{F7DD860A-3DF6-0035-D629-AB63309F1291}.Debug|Any CPU.Build.0 = Debug|Any CPU
		{F7DD860A-3DF6-0035-D629-AB63309F1291}.Release|Any CPU.ActiveCfg = Release|Any CPU
		{F7DD860A-3DF6-0035-D629-AB63309F1291}.Release|Any CPU.Build.0 = Release|Any CPU
		{C8F03F2A-B8E9-B837-659B-786EE67C36F0}.Debug|Any CPU.ActiveCfg = Debug|Any CPU
		{C8F03F2A-B8E9-B837-659B-786EE67C36F0}.Debug|Any CPU.Build.0 = Debug|Any CPU
		{C8F03F2A-B8E9-B837-659B-786EE67C36F0}.Release|Any CPU.ActiveCfg = Release|Any CPU
		{C8F03F2A-B8E9-B837-659B-786EE67C36F0}.Release|Any CPU.Build.0 = Release|Any CPU
		{2F120F86-40DF-76BA-0F93-926BEE990493}.Debug|Any CPU.ActiveCfg = Debug|Any CPU
		{2F120F86-40DF-76BA-0F93-926BEE990493}.Debug|Any CPU.Build.0 = Debug|Any CPU
		{2F120F86-40DF-76BA-0F93-926BEE990493}.Release|Any CPU.ActiveCfg = Release|Any CPU
		{2F120F86-40DF-76BA-0F93-926BEE990493}.Release|Any CPU.Build.0 = Release|Any CPU
		{10F80300-86A8-5810-7C4C-3DD9C4A1F49D}.Debug|Any CPU.ActiveCfg = Debug|Any CPU
		{10F80300-86A8-5810-7C4C-3DD9C4A1F49D}.Debug|Any CPU.Build.0 = Debug|Any CPU
		{10F80300-86A8-5810-7C4C-3DD9C4A1F49D}.Release|Any CPU.ActiveCfg = Release|Any CPU
		{10F80300-86A8-5810-7C4C-3DD9C4A1F49D}.Release|Any CPU.Build.0 = Release|Any CPU
		{2ED7681E-4C60-1393-DF0E-EFBAD19A02C0}.Debug|Any CPU.ActiveCfg = Debug|Any CPU
		{2ED7681E-4C60-1393-DF0E-EFBAD19A02C0}.Debug|Any CPU.Build.0 = Debug|Any CPU
		{2ED7681E-4C60-1393-DF0E-EFBAD19A02C0}.Release|Any CPU.ActiveCfg = Release|Any CPU
		{2ED7681E-4C60-1393-DF0E-EFBAD19A02C0}.Release|Any CPU.Build.0 = Release|Any CPU
		{48A87116-FB4A-D1B3-6A45-AC3BF3C149DA}.Debug|Any CPU.ActiveCfg = Debug|Any CPU
		{48A87116-FB4A-D1B3-6A45-AC3BF3C149DA}.Debug|Any CPU.Build.0 = Debug|Any CPU
		{48A87116-FB4A-D1B3-6A45-AC3BF3C149DA}.Release|Any CPU.ActiveCfg = Release|Any CPU
		{48A87116-FB4A-D1B3-6A45-AC3BF3C149DA}.Release|Any CPU.Build.0 = Release|Any CPU
		{29217D97-AF1B-F584-9367-52457D3EAB2D}.Debug|Any CPU.ActiveCfg = Debug|Any CPU
		{29217D97-AF1B-F584-9367-52457D3EAB2D}.Debug|Any CPU.Build.0 = Debug|Any CPU
		{29217D97-AF1B-F584-9367-52457D3EAB2D}.Release|Any CPU.ActiveCfg = Release|Any CPU
		{29217D97-AF1B-F584-9367-52457D3EAB2D}.Release|Any CPU.Build.0 = Release|Any CPU
		{1BC7BC48-825D-9E38-16C6-A652D1B1BD06}.Debug|Any CPU.ActiveCfg = Debug|Any CPU
		{1BC7BC48-825D-9E38-16C6-A652D1B1BD06}.Debug|Any CPU.Build.0 = Debug|Any CPU
		{1BC7BC48-825D-9E38-16C6-A652D1B1BD06}.Release|Any CPU.ActiveCfg = Release|Any CPU
		{1BC7BC48-825D-9E38-16C6-A652D1B1BD06}.Release|Any CPU.Build.0 = Release|Any CPU
		{82F19676-DD77-4179-9A48-5A1D11B9E391}.Debug|Any CPU.ActiveCfg = Debug|Any CPU
		{82F19676-DD77-4179-9A48-5A1D11B9E391}.Debug|Any CPU.Build.0 = Debug|Any CPU
		{82F19676-DD77-4179-9A48-5A1D11B9E391}.Release|Any CPU.ActiveCfg = Release|Any CPU
		{82F19676-DD77-4179-9A48-5A1D11B9E391}.Release|Any CPU.Build.0 = Release|Any CPU
		{02753454-5938-D776-3568-E635AFEE91D4}.Debug|Any CPU.ActiveCfg = Debug|Any CPU
		{02753454-5938-D776-3568-E635AFEE91D4}.Debug|Any CPU.Build.0 = Debug|Any CPU
		{02753454-5938-D776-3568-E635AFEE91D4}.Release|Any CPU.ActiveCfg = Release|Any CPU
		{02753454-5938-D776-3568-E635AFEE91D4}.Release|Any CPU.Build.0 = Release|Any CPU
		{C66110BA-F34D-B929-4FD4-E7C5BF9AA66F}.Debug|Any CPU.ActiveCfg = Debug|Any CPU
		{C66110BA-F34D-B929-4FD4-E7C5BF9AA66F}.Debug|Any CPU.Build.0 = Debug|Any CPU
		{C66110BA-F34D-B929-4FD4-E7C5BF9AA66F}.Release|Any CPU.ActiveCfg = Release|Any CPU
		{C66110BA-F34D-B929-4FD4-E7C5BF9AA66F}.Release|Any CPU.Build.0 = Release|Any CPU
		{AA6F0C92-47DF-6ACF-4D1D-606572E58F33}.Debug|Any CPU.ActiveCfg = Debug|Any CPU
		{AA6F0C92-47DF-6ACF-4D1D-606572E58F33}.Debug|Any CPU.Build.0 = Debug|Any CPU
		{AA6F0C92-47DF-6ACF-4D1D-606572E58F33}.Release|Any CPU.ActiveCfg = Release|Any CPU
		{AA6F0C92-47DF-6ACF-4D1D-606572E58F33}.Release|Any CPU.Build.0 = Release|Any CPU
		{97C04622-0303-719D-0595-15FEB00A9A85}.Debug|Any CPU.ActiveCfg = Debug|Any CPU
		{97C04622-0303-719D-0595-15FEB00A9A85}.Debug|Any CPU.Build.0 = Debug|Any CPU
		{97C04622-0303-719D-0595-15FEB00A9A85}.Release|Any CPU.ActiveCfg = Release|Any CPU
		{97C04622-0303-719D-0595-15FEB00A9A85}.Release|Any CPU.Build.0 = Release|Any CPU
		{4B6165A2-98FA-4867-2D84-493A744F93B4}.Debug|Any CPU.ActiveCfg = Debug|Any CPU
		{4B6165A2-98FA-4867-2D84-493A744F93B4}.Debug|Any CPU.Build.0 = Debug|Any CPU
		{4B6165A2-98FA-4867-2D84-493A744F93B4}.Release|Any CPU.ActiveCfg = Release|Any CPU
		{4B6165A2-98FA-4867-2D84-493A744F93B4}.Release|Any CPU.Build.0 = Release|Any CPU
		{FF5CB190-65D6-221C-6F5D-369C3A1E8A5D}.Debug|Any CPU.ActiveCfg = Debug|Any CPU
		{FF5CB190-65D6-221C-6F5D-369C3A1E8A5D}.Debug|Any CPU.Build.0 = Debug|Any CPU
		{FF5CB190-65D6-221C-6F5D-369C3A1E8A5D}.Release|Any CPU.ActiveCfg = Release|Any CPU
		{FF5CB190-65D6-221C-6F5D-369C3A1E8A5D}.Release|Any CPU.Build.0 = Release|Any CPU
		{43A0C0AB-CC91-3A1E-1136-4D817DBF988E}.Debug|Any CPU.ActiveCfg = Debug|Any CPU
		{43A0C0AB-CC91-3A1E-1136-4D817DBF988E}.Debug|Any CPU.Build.0 = Debug|Any CPU
		{43A0C0AB-CC91-3A1E-1136-4D817DBF988E}.Release|Any CPU.ActiveCfg = Release|Any CPU
		{43A0C0AB-CC91-3A1E-1136-4D817DBF988E}.Release|Any CPU.Build.0 = Release|Any CPU
		{93F69DB9-8EC4-FE2D-D3FD-36FF052464CC}.Debug|Any CPU.ActiveCfg = Debug|Any CPU
		{93F69DB9-8EC4-FE2D-D3FD-36FF052464CC}.Debug|Any CPU.Build.0 = Debug|Any CPU
		{93F69DB9-8EC4-FE2D-D3FD-36FF052464CC}.Release|Any CPU.ActiveCfg = Release|Any CPU
		{93F69DB9-8EC4-FE2D-D3FD-36FF052464CC}.Release|Any CPU.Build.0 = Release|Any CPU
		{DB18340C-D009-E1D3-988D-55957734C7CB}.Debug|Any CPU.ActiveCfg = Debug|Any CPU
		{DB18340C-D009-E1D3-988D-55957734C7CB}.Debug|Any CPU.Build.0 = Debug|Any CPU
		{DB18340C-D009-E1D3-988D-55957734C7CB}.Release|Any CPU.ActiveCfg = Release|Any CPU
		{DB18340C-D009-E1D3-988D-55957734C7CB}.Release|Any CPU.Build.0 = Release|Any CPU
		{55201017-3CE0-261C-A3E6-5AFCC6E76828}.Debug|Any CPU.ActiveCfg = Debug|Any CPU
		{55201017-3CE0-261C-A3E6-5AFCC6E76828}.Debug|Any CPU.Build.0 = Debug|Any CPU
		{55201017-3CE0-261C-A3E6-5AFCC6E76828}.Release|Any CPU.ActiveCfg = Release|Any CPU
		{55201017-3CE0-261C-A3E6-5AFCC6E76828}.Release|Any CPU.Build.0 = Release|Any CPU
		{829F7CC5-D9C5-9D6C-D48E-2CE858AEE431}.Debug|Any CPU.ActiveCfg = Debug|Any CPU
		{829F7CC5-D9C5-9D6C-D48E-2CE858AEE431}.Debug|Any CPU.Build.0 = Debug|Any CPU
		{829F7CC5-D9C5-9D6C-D48E-2CE858AEE431}.Release|Any CPU.ActiveCfg = Release|Any CPU
		{829F7CC5-D9C5-9D6C-D48E-2CE858AEE431}.Release|Any CPU.Build.0 = Release|Any CPU
		{C80D7EBA-ED79-9A5B-608C-1DB45D308A2D}.Debug|Any CPU.ActiveCfg = Debug|Any CPU
		{C80D7EBA-ED79-9A5B-608C-1DB45D308A2D}.Debug|Any CPU.Build.0 = Debug|Any CPU
		{C80D7EBA-ED79-9A5B-608C-1DB45D308A2D}.Release|Any CPU.ActiveCfg = Release|Any CPU
		{C80D7EBA-ED79-9A5B-608C-1DB45D308A2D}.Release|Any CPU.Build.0 = Release|Any CPU
		{813A588C-2DB9-274F-66AA-E90857E18824}.Debug|Any CPU.ActiveCfg = Debug|Any CPU
		{813A588C-2DB9-274F-66AA-E90857E18824}.Debug|Any CPU.Build.0 = Debug|Any CPU
		{813A588C-2DB9-274F-66AA-E90857E18824}.Release|Any CPU.ActiveCfg = Release|Any CPU
		{813A588C-2DB9-274F-66AA-E90857E18824}.Release|Any CPU.Build.0 = Release|Any CPU
		{8F9D873A-60DC-FE7D-F8A0-91F839CFC4E0}.Debug|Any CPU.ActiveCfg = Debug|Any CPU
		{8F9D873A-60DC-FE7D-F8A0-91F839CFC4E0}.Debug|Any CPU.Build.0 = Debug|Any CPU
		{8F9D873A-60DC-FE7D-F8A0-91F839CFC4E0}.Release|Any CPU.ActiveCfg = Release|Any CPU
		{8F9D873A-60DC-FE7D-F8A0-91F839CFC4E0}.Release|Any CPU.Build.0 = Release|Any CPU
		{B1CBC2DD-B6AB-398C-C0F0-268F374469E8}.Debug|Any CPU.ActiveCfg = Debug|Any CPU
		{B1CBC2DD-B6AB-398C-C0F0-268F374469E8}.Debug|Any CPU.Build.0 = Debug|Any CPU
		{B1CBC2DD-B6AB-398C-C0F0-268F374469E8}.Release|Any CPU.ActiveCfg = Release|Any CPU
		{B1CBC2DD-B6AB-398C-C0F0-268F374469E8}.Release|Any CPU.Build.0 = Release|Any CPU
		{1AECD3C5-C82C-CCB4-0BF8-0E158A4EEC91}.Debug|Any CPU.ActiveCfg = Debug|Any CPU
		{1AECD3C5-C82C-CCB4-0BF8-0E158A4EEC91}.Debug|Any CPU.Build.0 = Debug|Any CPU
		{1AECD3C5-C82C-CCB4-0BF8-0E158A4EEC91}.Release|Any CPU.ActiveCfg = Release|Any CPU
		{1AECD3C5-C82C-CCB4-0BF8-0E158A4EEC91}.Release|Any CPU.Build.0 = Release|Any CPU
		{5DB90C34-41FE-D220-CDB4-4C16051EF944}.Debug|Any CPU.ActiveCfg = Debug|Any CPU
		{5DB90C34-41FE-D220-CDB4-4C16051EF944}.Debug|Any CPU.Build.0 = Debug|Any CPU
		{5DB90C34-41FE-D220-CDB4-4C16051EF944}.Release|Any CPU.ActiveCfg = Release|Any CPU
		{5DB90C34-41FE-D220-CDB4-4C16051EF944}.Release|Any CPU.Build.0 = Release|Any CPU
		{FB168DDB-5780-F2D8-B2A9-D3953AC19EE0}.Debug|Any CPU.ActiveCfg = Debug|Any CPU
		{FB168DDB-5780-F2D8-B2A9-D3953AC19EE0}.Debug|Any CPU.Build.0 = Debug|Any CPU
		{FB168DDB-5780-F2D8-B2A9-D3953AC19EE0}.Release|Any CPU.ActiveCfg = Release|Any CPU
		{FB168DDB-5780-F2D8-B2A9-D3953AC19EE0}.Release|Any CPU.Build.0 = Release|Any CPU
		{CBFC4064-5513-E7E3-E95A-8E3D9A48A76E}.Debug|Any CPU.ActiveCfg = Debug|Any CPU
		{CBFC4064-5513-E7E3-E95A-8E3D9A48A76E}.Debug|Any CPU.Build.0 = Debug|Any CPU
		{CBFC4064-5513-E7E3-E95A-8E3D9A48A76E}.Release|Any CPU.ActiveCfg = Release|Any CPU
		{CBFC4064-5513-E7E3-E95A-8E3D9A48A76E}.Release|Any CPU.Build.0 = Release|Any CPU
		{E2BBC62F-5EE3-6A9C-02AD-810645D89630}.Debug|Any CPU.ActiveCfg = Debug|Any CPU
		{E2BBC62F-5EE3-6A9C-02AD-810645D89630}.Debug|Any CPU.Build.0 = Debug|Any CPU
		{E2BBC62F-5EE3-6A9C-02AD-810645D89630}.Release|Any CPU.ActiveCfg = Release|Any CPU
		{E2BBC62F-5EE3-6A9C-02AD-810645D89630}.Release|Any CPU.Build.0 = Release|Any CPU
		{B43C6E6C-CEB7-5258-9B0D-5672D70C1533}.Debug|Any CPU.ActiveCfg = Debug|Any CPU
		{B43C6E6C-CEB7-5258-9B0D-5672D70C1533}.Debug|Any CPU.Build.0 = Debug|Any CPU
		{B43C6E6C-CEB7-5258-9B0D-5672D70C1533}.Release|Any CPU.ActiveCfg = Release|Any CPU
		{B43C6E6C-CEB7-5258-9B0D-5672D70C1533}.Release|Any CPU.Build.0 = Release|Any CPU
		{59990B72-581B-540C-655E-960E1A2B2219}.Debug|Any CPU.ActiveCfg = Debug|Any CPU
		{59990B72-581B-540C-655E-960E1A2B2219}.Debug|Any CPU.Build.0 = Debug|Any CPU
		{59990B72-581B-540C-655E-960E1A2B2219}.Release|Any CPU.ActiveCfg = Release|Any CPU
		{59990B72-581B-540C-655E-960E1A2B2219}.Release|Any CPU.Build.0 = Release|Any CPU
		{507B188A-75C9-3323-5D66-D0C5FB2F171C}.Debug|Any CPU.ActiveCfg = Debug|Any CPU
		{507B188A-75C9-3323-5D66-D0C5FB2F171C}.Debug|Any CPU.Build.0 = Debug|Any CPU
		{507B188A-75C9-3323-5D66-D0C5FB2F171C}.Release|Any CPU.ActiveCfg = Release|Any CPU
		{507B188A-75C9-3323-5D66-D0C5FB2F171C}.Release|Any CPU.Build.0 = Release|Any CPU
		{1A3E2CA9-3C5D-FAB3-20F0-8524A16897F1}.Debug|Any CPU.ActiveCfg = Debug|Any CPU
		{1A3E2CA9-3C5D-FAB3-20F0-8524A16897F1}.Debug|Any CPU.Build.0 = Debug|Any CPU
		{1A3E2CA9-3C5D-FAB3-20F0-8524A16897F1}.Release|Any CPU.ActiveCfg = Release|Any CPU
		{1A3E2CA9-3C5D-FAB3-20F0-8524A16897F1}.Release|Any CPU.Build.0 = Release|Any CPU
		{4BBA3648-924A-75BF-69BA-F13B2E01081D}.Debug|Any CPU.ActiveCfg = Debug|Any CPU
		{4BBA3648-924A-75BF-69BA-F13B2E01081D}.Debug|Any CPU.Build.0 = Debug|Any CPU
		{4BBA3648-924A-75BF-69BA-F13B2E01081D}.Release|Any CPU.ActiveCfg = Release|Any CPU
		{4BBA3648-924A-75BF-69BA-F13B2E01081D}.Release|Any CPU.Build.0 = Release|Any CPU
		{D9ED2991-1944-19DE-E062-93D6F29B3316}.Debug|Any CPU.ActiveCfg = Debug|Any CPU
		{D9ED2991-1944-19DE-E062-93D6F29B3316}.Debug|Any CPU.Build.0 = Debug|Any CPU
		{D9ED2991-1944-19DE-E062-93D6F29B3316}.Release|Any CPU.ActiveCfg = Release|Any CPU
		{D9ED2991-1944-19DE-E062-93D6F29B3316}.Release|Any CPU.Build.0 = Release|Any CPU
		{55AF0A88-5B92-7824-7D3B-DDC3F7A4EE10}.Debug|Any CPU.ActiveCfg = Debug|Any CPU
		{55AF0A88-5B92-7824-7D3B-DDC3F7A4EE10}.Debug|Any CPU.Build.0 = Debug|Any CPU
		{55AF0A88-5B92-7824-7D3B-DDC3F7A4EE10}.Release|Any CPU.ActiveCfg = Release|Any CPU
		{55AF0A88-5B92-7824-7D3B-DDC3F7A4EE10}.Release|Any CPU.Build.0 = Release|Any CPU
	EndGlobalSection
	GlobalSection(SolutionProperties) = preSolution
		HideSolutionNode = FALSE
	EndGlobalSection
EndGlobal
